
Microsoft Visual Studio Solution File, Format Version 12.00
# Visual Studio Version 16
VisualStudioVersion = 16.0.30907.101
MinimumVisualStudioVersion = 10.0.40219.1
Project("{FAE04EC0-301F-11D3-BF4B-00C04F79EFBC}") = "CompanyProjectManagementSystem", "CompanyProjectManagementSystem\CompanyProjectManagementSystem.csproj", "{64F42F6F-6300-4C47-A82E-AF5B1F30BAC6}"
EndProject
Global
	GlobalSection(SolutionConfigurationPlatforms) = preSolution
		Debug|Any CPU = Debug|Any CPU
		Release|Any CPU = Release|Any CPU
	EndGlobalSection
	GlobalSection(ProjectConfigurationPlatforms) = postSolution
		{64F42F6F-6300-4C47-A82E-AF5B1F30BAC6}.Debug|Any CPU.ActiveCfg = Debug|Any CPU
		{64F42F6F-6300-4C47-A82E-AF5B1F30BAC6}.Debug|Any CPU.Build.0 = Debug|Any CPU
		{64F42F6F-6300-4C47-A82E-AF5B1F30BAC6}.Release|Any CPU.ActiveCfg = Release|Any CPU
		{64F42F6F-6300-4C47-A82E-AF5B1F30BAC6}.Release|Any CPU.Build.0 = Release|Any CPU
	EndGlobalSection
	GlobalSection(SolutionProperties) = preSolution
		HideSolutionNode = FALSE
	EndGlobalSection
	GlobalSection(ExtensibilityGlobals) = postSolution
		SolutionGuid = {6A70CE11-3997-4DC3-BF08-91DA11F0212A}
	EndGlobalSection
EndGlobal
